lockfileVersion: '9.0'

settings:
  autoInstallPeers: true
  excludeLinksFromLockfile: false

importers:

  .:
    devDependencies:
      '@types/d3-geo':
        specifier: ^3.1.1
        version: 3.1.1
      '@types/topojson-client':
        specifier: ^3.1.5
        version: 3.1.5

packages:

  '@types/d3-geo@3.1.1':
    resolution: {integrity: sha512-65Emv9fQiQQqphLlRkuQ5ypPsOmWPhtBGCMv61JDPEPMvsx+gzhGf74yw1a78xFKPj6zw4AgQICJoQv0vK9M2w==}

  '@types/geojson@7946.0.16':
    resolution: {integrity: sha512-6C8nqWur3j98U6+lXDfTUWIfgvZU+EumvpHKcYjujKH7woYyLj2sUmff0tRhrqM7BohUw7Pz3ZB1jj2gW9Fvmg==}

  '@types/topojson-client@3.1.5':
    resolution: {integrity: sha512-C79rySTyPxnQNNguTZNI1Ct4D7IXgvyAs3p9HPecnl6mNrJ5+UhvGNYcZfpROYV2lMHI48kJPxwR+F9C6c7nmw==}

  '@types/topojson-specification@1.0.5':
    resolution: {integrity: sha512-C7KvcQh+C2nr6Y2Ub4YfgvWvWCgP2nOQMtfhlnwsRL4pYmmwzBS7HclGiS87eQfDOU/DLQpX6GEscviaz4yLIQ==}

snapshots:

  '@types/d3-geo@3.1.1':
    dependencies:
      '@types/geojson': 7946.0.16

  '@types/geojson@7946.0.16': {}

  '@types/topojson-client@3.1.5':
    dependencies:
      '@types/geojson': 7946.0.16
      '@types/topojson-specification': 1.0.5

  '@types/topojson-specification@1.0.5':
    dependencies:
      '@types/geojson': 7946.0.16
